
Microsoft Visual Studio Solution File, Format Version 12.00
# Visual Studio Version 17
VisualStudioVersion = 17.7.34031.279
MinimumVisualStudioVersion = 10.0.40219.1
Project("{FAE04EC0-301F-11D3-BF4B-00C04F79EFBC}") = "N1-2", "N1\N1-2.csproj", "{83372CF3-36F8-4865-92E2-69F218FDE7C6}"
EndProject
Project("{FAE04EC0-301F-11D3-BF4B-00C04F79EFBC}") = "N3-4", "N3-4\N3-4.csproj", "{1CB954A6-7B76-4A9E-B48C-781641D9B687}"
EndProject
Global
	GlobalSection(SolutionConfigurationPlatforms) = preSolution
		Debug|Any CPU = Debug|Any CPU
		Release|Any CPU = Release|Any CPU
	EndGlobalSection
	GlobalSection(ProjectConfigurationPlatforms) = postSolution
		{83372CF3-36F8-4865-92E2-69F218FDE7C6}.Debug|Any CPU.ActiveCfg = Debug|Any CPU
		{83372CF3-36F8-4865-92E2-69F218FDE7C6}.Debug|Any CPU.Build.0 = Debug|Any CPU
		{83372CF3-36F8-4865-92E2-69F218FDE7C6}.Release|Any CPU.ActiveCfg = Release|Any CPU
		{83372CF3-36F8-4865-92E2-69F218FDE7C6}.Release|Any CPU.Build.0 = Release|Any CPU
		{1CB954A6-7B76-4A9E-B48C-781641D9B687}.Debug|Any CPU.ActiveCfg = Debug|Any CPU
		{1CB954A6-7B76-4A9E-B48C-781641D9B687}.Debug|Any CPU.Build.0 = Debug|Any CPU
		{1CB954A6-7B76-4A9E-B48C-781641D9B687}.Release|Any CPU.ActiveCfg = Release|Any CPU
		{1CB954A6-7B76-4A9E-B48C-781641D9B687}.Release|Any CPU.Build.0 = Release|Any CPU
	EndGlobalSection
	GlobalSection(SolutionProperties) = preSolution
		HideSolutionNode = FALSE
	EndGlobalSection
	GlobalSection(ExtensibilityGlobals) = postSolution
		SolutionGuid = {E447CF30-1C73-4B00-8726-7F7AFD385580}
	EndGlobalSection
EndGlobal
